Microsoft Visual Studio Solution File, Format Version 12.00
# Visual Studio Version 16
VisualStudioVersion = 16.0.29324.140
MinimumVisualStudioVersion = 10.0.40219.1
Project("{2150E333-8FDC-42A3-9474-1A3956D46DE8}") = "Solution Items", "Solution Items", "{A219E328-B15A-41FF-BAA5-5F46679EF9C8}"
	ProjectSection(SolutionItems) = preProject
		.editorconfig = .editorconfig
		.gitattributes = .gitattributes
		.gitignore = .gitignore
		build.cmd = build.cmd
		build.sh = build.sh
		.github\workflows\build.yaml = .github\workflows\build.yaml
		Directory.Build.props = Directory.Build.props
		LICENSE = LICENSE
		nuget.config = nuget.config
		README.md = README.md
		ReleaseNotes.md = ReleaseNotes.md
	EndProjectSection
EndProject
Project("{9A19103F-16F7-4668-BE54-9A1E7A4F7556}") = "fsdgenpython", "src\fsdgenpython\fsdgenpython.csproj", "{A15ADBEC-C818-4ABA-A2C9-8D40F754F029}"
EndProject
Project("{9A19103F-16F7-4668-BE54-9A1E7A4F7556}") = "Facility.CodeGen.Python", "src\Facility.CodeGen.Python\Facility.CodeGen.Python.csproj", "{46EB4760-9AF9-429F-BCFA-47323E61508E}"
EndProject
Project("{9A19103F-16F7-4668-BE54-9A1E7A4F7556}") = "Facility.CodeGen.Python.UnitTests", "tests\Facility.CodeGen.Python.UnitTests\Facility.CodeGen.Python.UnitTests.csproj", "{E58F26CF-5686-4615-A53E-AD6A45BC7F5B}"
EndProject
Project("{9A19103F-16F7-4668-BE54-9A1E7A4F7556}") = "Build", "tools\Build\Build.csproj", "{C24F59DA-ACFC-423B-939A-015FE7CA24CD}"
EndProject
Project("{2150E333-8FDC-42A3-9474-1A3956D46DE8}") = "conformance", "conformance", "{1B7C49DC-195D-4A5D-8932-112F87A57207}"
	ProjectSection(SolutionItems) = preProject
		conformance\ConformanceApi.fsd = conformance\ConformanceApi.fsd
	EndProjectSection
EndProject
Project("{9A19103F-16F7-4668-BE54-9A1E7A4F7556}") = "XmlDocGen", "tools\XmlDocGen\XmlDocGen.csproj", "{636E5B36-4AA8-47D8-884C-AE4D80B49A14}"
EndProject
Global
	GlobalSection(SolutionConfigurationPlatforms) = preSolution
		Debug|Any CPU = Debug|Any CPU
		Release|Any CPU = Release|Any CPU
	EndGlobalSection
	GlobalSection(ProjectConfigurationPlatforms) = postSolution
		{A15ADBEC-C818-4ABA-A2C9-8D40F754F029}.Debug|Any CPU.ActiveCfg = Debug|Any CPU
		{A15ADBEC-C818-4ABA-A2C9-8D40F754F029}.Debug|Any CPU.Build.0 = Debug|Any CPU
		{A15ADBEC-C818-4ABA-A2C9-8D40F754F029}.Release|Any CPU.ActiveCfg = Release|Any CPU
		{A15ADBEC-C818-4ABA-A2C9-8D40F754F029}.Release|Any CPU.Build.0 = Release|Any CPU
		{46EB4760-9AF9-429F-BCFA-47323E61508E}.Debug|Any CPU.ActiveCfg = Debug|Any CPU
		{46EB4760-9AF9-429F-BCFA-47323E61508E}.Debug|Any CPU.Build.0 = Debug|Any CPU
		{46EB4760-9AF9-429F-BCFA-47323E61508E}.Release|Any CPU.ActiveCfg = Release|Any CPU
		{46EB4760-9AF9-429F-BCFA-47323E61508E}.Release|Any CPU.Build.0 = Release|Any CPU
		{E58F26CF-5686-4615-A53E-AD6A45BC7F5B}.Debug|Any CPU.ActiveCfg = Debug|Any CPU
		{E58F26CF-5686-4615-A53E-AD6A45BC7F5B}.Debug|Any CPU.Build.0 = Debug|Any CPU
		{E58F26CF-5686-4615-A53E-AD6A45BC7F5B}.Release|Any CPU.ActiveCfg = Release|Any CPU
		{E58F26CF-5686-4615-A53E-AD6A45BC7F5B}.Release|Any CPU.Build.0 = Release|Any CPU
		{C24F59DA-ACFC-423B-939A-015FE7CA24CD}.Debug|Any CPU.ActiveCfg = Debug|Any CPU
		{C24F59DA-ACFC-423B-939A-015FE7CA24CD}.Debug|Any CPU.Build.0 = Debug|Any CPU
		{C24F59DA-ACFC-423B-939A-015FE7CA24CD}.Release|Any CPU.ActiveCfg = Release|Any CPU
		{C24F59DA-ACFC-423B-939A-015FE7CA24CD}.Release|Any CPU.Build.0 = Release|Any CPU
		{636E5B36-4AA8-47D8-884C-AE4D80B49A14}.Debug|Any CPU.ActiveCfg = Debug|Any CPU
		{636E5B36-4AA8-47D8-884C-AE4D80B49A14}.Debug|Any CPU.Build.0 = Debug|Any CPU
		{636E5B36-4AA8-47D8-884C-AE4D80B49A14}.Release|Any CPU.ActiveCfg = Release|Any CPU
		{636E5B36-4AA8-47D8-884C-AE4D80B49A14}.Release|Any CPU.Build.0 = Release|Any CPU
	EndGlobalSection
	GlobalSection(SolutionProperties) = preSolution
		HideSolutionNode = FALSE
	EndGlobalSection
	GlobalSection(NestedProjects) = preSolution
		{1B7C49DC-195D-4A5D-8932-112F87A57207} = {A219E328-B15A-41FF-BAA5-5F46679EF9C8}
	EndGlobalSection
	GlobalSection(ExtensibilityGlobals) = postSolution
		SolutionGuid = {FA6D63A9-6DCC-47C6-A7D0-6B49EE3EA04C}
	EndGlobalSection
EndGlobal
